<?xml version="1.0" encoding="utf-8"?>
<Project ToolsVersion="4.0" xmlns="http://schemas.microsoft.com/developer/msbuild/2003">
  <ItemGroup>
    <Filter Include="Source Files">
      <UniqueIdentifier>{4FC737F1-C7A5-4376-A066-2A32D752A2FF}</UniqueIdentifier>
      <Extensions>cpp;c;cc;cxx;c++;cppm;ixx;def;odl;idl;hpj;bat;asm;asmx</Extensions>
    </Filter>
    <Filter Include="Header Files">
      <UniqueIdentifier>{93995380-89BD-4b04-88EB-625FBE52EBFB}</UniqueIdentifier>
      <Extensions>h;hh;hpp;hxx;h++;hm;inl;inc;ipp;xsd</Extensions>
    </Filter>
    <Filter Include="Resource Files">
      <UniqueIdentifier>{67DA6AB6-F800-4c08-8B7A-83BB121AAD01}</UniqueIdentifier>
      <Extensions>rc;ico;cur;bmp;dlg;rc2;rct;bin;rgs;gif;jpg;jpeg;jpe;resx;tiff;tif;png;wav;mfcribbon-ms</Extensions>
    </Filter>
  </ItemGroup>
  <ItemGroup>
    <ClCompile Include="dllmain.cpp">
      <Filter>Source Files</Filter>
    </ClCompile>
    <ClCompile Include="me\snow\jvm\jvm.cpp">
      <Filter>Source Files</Filter>
    </ClCompile>
    <ClCompile Include="me\snow\sdk\minecraft\Minecraft.cpp">
      <Filter>Source Files</Filter>
    </ClCompile>
    <ClCompile Include="me\snow\sdk\classes\classes.cpp">
      <Filter>Source Files</Filter>
    </ClCompile>
    <ClCompile Include="me\snow\sdk\mapper\mapper.cpp">
      <Filter>Source Files</Filter>
    </ClCompile>
    <ClCompile Include="me\snow\sdk\minecraft\player\Entity.cpp">
      <Filter>Source Files</Filter>
    </ClCompile>
    <ClCompile Include="includes\ImGui\imgui_impl_opengl3.cpp">
      <Filter>Source Files</Filter>
    </ClCompile>
    <ClCompile Include="includes\ImGui\imgui_impl_win32.cpp">
      <Filter>Source Files</Filter>
    </ClCompile>
    <ClCompile Include="me\snow\gui\GUI.cpp">
      <Filter>Source Files</Filter>
    </ClCompile>
    <ClCompile Include="me\snow\gui\Hook.cpp">
      <Filter>Source Files</Filter>
    </ClCompile>
    <ClCompile Include="me\snow\sdk\minecraft\server\Server.cpp">
      <Filter>Source Files</Filter>
    </ClCompile>
    <ClCompile Include="me\snow\modules\Modules.cpp">
      <Filter>Source Files</Filter>
    </ClCompile>
    <ClCompile Include="me\snow\modules\Manager.cpp">
      <Filter>Source Files</Filter>
    </ClCompile>
    <ClCompile Include="me\snow\modules\Player\FastPlace\FastPlace.cpp">
      <Filter>Source Files</Filter>
    </ClCompile>
  </ItemGroup>
  <ItemGroup>
    <ClInclude Include="includes\jni\classfile_constants.h">
      <Filter>Header Files</Filter>
    </ClInclude>
    <ClInclude Include="includes\jni\jvmticmlr.h">
      <Filter>Header Files</Filter>
    </ClInclude>
    <ClInclude Include="includes\jni\jvmti.h">
      <Filter>Header Files</Filter>
    </ClInclude>
    <ClInclude Include="includes\jni\jni_md.h">
      <Filter>Header Files</Filter>
    </ClInclude>
    <ClInclude Include="includes\jni\jawt.h">
      <Filter>Header Files</Filter>
    </ClInclude>
    <ClInclude Include="includes\jni\jawt_md.h">
      <Filter>Header Files</Filter>
    </ClInclude>
    <ClInclude Include="includes\jni\jdwpTransport.h">
      <Filter>Header Files</Filter>
    </ClInclude>
    <ClInclude Include="includes\jni\jni.h">
      <Filter>Header Files</Filter>
    </ClInclude>
    <ClInclude Include="me\snow\jvm\jvm.h">
      <Filter>Header Files</Filter>
    </ClInclude>
    <ClInclude Include="me\snow\sdk\minecraft\Minecraft.h">
      <Filter>Header Files</Filter>
    </ClInclude>
    <ClInclude Include="me\snow\sdk\classes\classes.h">
      <Filter>Header Files</Filter>
    </ClInclude>
    <ClInclude Include="me\snow\sdk\mapper\mapper.h">
      <Filter>Header Files</Filter>
    </ClInclude>
    <ClInclude Include="me\snow\sdk\minecraft\player\Entity.h">
      <Filter>Header Files</Filter>
    </ClInclude>
    <ClInclude Include="includes\MinHook.h">
      <Filter>Header Files</Filter>
    </ClInclude>
    <ClInclude Include="includes\ImGui\imconfig.h">
      <Filter>Header Files</Filter>
    </ClInclude>
    <ClInclude Include="includes\ImGui\imgui.h">
      <Filter>Header Files</Filter>
    </ClInclude>
    <ClInclude Include="includes\ImGui\imgui_impl_opengl3.h">
      <Filter>Header Files</Filter>
    </ClInclude>
    <ClInclude Include="includes\ImGui\imgui_impl_opengl3_loader.h">
      <Filter>Header Files</Filter>
    </ClInclude>
    <ClInclude Include="includes\ImGui\imgui_impl_win32.h">
      <Filter>Header Files</Filter>
    </ClInclude>
    <ClInclude Include="includes\ImGui\imgui_internal.h">
      <Filter>Header Files</Filter>
    </ClInclude>
    <ClInclude Include="includes\ImGui\imgui_stdlib.h">
      <Filter>Header Files</Filter>
    </ClInclude>
    <ClInclude Include="includes\ImGui\imstb_rectpack.h">
      <Filter>Header Files</Filter>
    </ClInclude>
    <ClInclude Include="includes\ImGui\imstb_textedit.h">
      <Filter>Header Files</Filter>
    </ClInclude>
    <ClInclude Include="includes\ImGui\imstb_truetype.h">
      <Filter>Header Files</Filter>
    </ClInclude>
    <ClInclude Include="me\snow\gui\GUI.h">
      <Filter>Header Files</Filter>
    </ClInclude>
    <ClInclude Include="me\snow\gui\Hook.h">
      <Filter>Header Files</Filter>
    </ClInclude>
    <ClInclude Include="me\snow\sdk\minecraft\server\Server.h">
      <Filter>Header Files</Filter>
    </ClInclude>
    <ClInclude Include="me\snow\modules\Modules.h">
      <Filter>Header Files</Filter>
    </ClInclude>
    <ClInclude Include="me\snow\modules\Manager.h">
      <Filter>Header Files</Filter>
    </ClInclude>
    <ClInclude Include="me\snow\utils\VectorList.h">
      <Filter>Header Files</Filter>
    </ClInclude>
    <ClInclude Include="me\snow\modules\Player\FastPlace\FastPlace.h">
      <Filter>Header Files</Filter>
    </ClInclude>
    <ClInclude Include="instances.h">
      <Filter>Header Files</Filter>
    </ClInclude>
  </ItemGroup>
  <ItemGroup>
    <Library Include="includes\jni\jvm.lib" />
    <Library Include="includes\lib\imgui.lib" />
    <Library Include="includes\lib\libMinHook-x64.lib" />
  </ItemGroup>
</Project>